
Microsoft Visual Studio Solution File, Format Version 12.00
# Visual Studio Version 17
VisualStudioVersion = 17.14.36221.1 d17.14
MinimumVisualStudioVersion = 10.0.40219.1
Project("{FAE04EC0-301F-11D3-BF4B-00C04F79EFBC}") = "Object -Oriented Programming", "Object -Oriented Programming.csproj", "{1DBD2030-BF3F-4AAE-8ED5-BF03A0A42041}"
EndProject
Global
	GlobalSection(SolutionConfigurationPlatforms) = preSolution
		Debug|Any CPU = Debug|Any CPU
		Release|Any CPU = Release|Any CPU
	EndGlobalSection
	GlobalSection(ProjectConfigurationPlatforms) = postSolution
		{1DBD2030-BF3F-4AAE-8ED5-BF03A0A42041}.Debug|Any CPU.ActiveCfg = Debug|Any CPU
		{1DBD2030-BF3F-4AAE-8ED5-BF03A0A42041}.Debug|Any CPU.Build.0 = Debug|Any CPU
		{1DBD2030-BF3F-4AAE-8ED5-BF03A0A42041}.Release|Any CPU.ActiveCfg = Release|Any CPU
		{1DBD2030-BF3F-4AAE-8ED5-BF03A0A42041}.Release|Any CPU.Build.0 = Release|Any CPU
	EndGlobalSection
	GlobalSection(SolutionProperties) = preSolution
		HideSolutionNode = FALSE
	EndGlobalSection
	GlobalSection(ExtensibilityGlobals) = postSolution
		SolutionGuid = {2A0A4F90-F91C-4E65-9109-26EC060CC2CC}
	EndGlobalSection
EndGlobal
