
Microsoft Visual Studio Solution File, Format Version 12.00
# Visual Studio Version 17
VisualStudioVersion = 17.14.36221.1 d17.14
MinimumVisualStudioVersion = 10.0.40219.1
Project("{FAE04EC0-301F-11D3-BF4B-00C04F79EFBC}") = "Using Control Structures", "Using Control Structures\Using Control Structures.csproj", "{3763784E-46E7-44B3-B1C3-4E3694F05CF1}"
EndProject
Global
	GlobalSection(SolutionConfigurationPlatforms) = preSolution
		Debug|Any CPU = Debug|Any CPU
		Release|Any CPU = Release|Any CPU
	EndGlobalSection
	GlobalSection(ProjectConfigurationPlatforms) = postSolution
		{3763784E-46E7-44B3-B1C3-4E3694F05CF1}.Debug|Any CPU.ActiveCfg = Debug|Any CPU
		{3763784E-46E7-44B3-B1C3-4E3694F05CF1}.Debug|Any CPU.Build.0 = Debug|Any CPU
		{3763784E-46E7-44B3-B1C3-4E3694F05CF1}.Release|Any CPU.ActiveCfg = Release|Any CPU
		{3763784E-46E7-44B3-B1C3-4E3694F05CF1}.Release|Any CPU.Build.0 = Release|Any CPU
	EndGlobalSection
	GlobalSection(SolutionProperties) = preSolution
		HideSolutionNode = FALSE
	EndGlobalSection
	GlobalSection(ExtensibilityGlobals) = postSolution
		SolutionGuid = {FC199389-9BA9-4F40-8C55-899046218C8C}
	EndGlobalSection
EndGlobal
