
Microsoft Visual Studio Solution File, Format Version 12.00
# Visual Studio Version 17
VisualStudioVersion = 17.14.36221.1 d17.14
MinimumVisualStudioVersion = 10.0.40219.1
Project("{FAE04EC0-301F-11D3-BF4B-00C04F79EFBC}") = "Rosaroso_InheritanceWithConstructor", "Rosaroso_InheritanceWithConstructor\Rosaroso_InheritanceWithConstructor.csproj", "{59BCF9EF-B313-4BBA-AE10-4C22D559AD73}"
EndProject
Global
	GlobalSection(SolutionConfigurationPlatforms) = preSolution
		Debug|Any CPU = Debug|Any CPU
		Release|Any CPU = Release|Any CPU
	EndGlobalSection
	GlobalSection(ProjectConfigurationPlatforms) = postSolution
		{59BCF9EF-B313-4BBA-AE10-4C22D559AD73}.Debug|Any CPU.ActiveCfg = Debug|Any CPU
		{59BCF9EF-B313-4BBA-AE10-4C22D559AD73}.Debug|Any CPU.Build.0 = Debug|Any CPU
		{59BCF9EF-B313-4BBA-AE10-4C22D559AD73}.Release|Any CPU.ActiveCfg = Release|Any CPU
		{59BCF9EF-B313-4BBA-AE10-4C22D559AD73}.Release|Any CPU.Build.0 = Release|Any CPU
	EndGlobalSection
	GlobalSection(SolutionProperties) = preSolution
		HideSolutionNode = FALSE
	EndGlobalSection
	GlobalSection(ExtensibilityGlobals) = postSolution
		SolutionGuid = {3C26B0F8-9A4A-4155-8FFC-BCC983EBE119}
	EndGlobalSection
EndGlobal
