
Microsoft Visual Studio Solution File, Format Version 12.00
# Visual Studio Version 17
VisualStudioVersion = 17.14.36221.1 d17.14
MinimumVisualStudioVersion = 10.0.40219.1
Project("{FAE04EC0-301F-11D3-BF4B-00C04F79EFBC}") = "Rosaroso_SimpleInheritance", "Rosaroso_SimpleInheritance\Rosaroso_SimpleInheritance.csproj", "{41FCB102-5633-4F41-A80F-2B3108B87DD3}"
EndProject
Global
	GlobalSection(SolutionConfigurationPlatforms) = preSolution
		Debug|Any CPU = Debug|Any CPU
		Release|Any CPU = Release|Any CPU
	EndGlobalSection
	GlobalSection(ProjectConfigurationPlatforms) = postSolution
		{41FCB102-5633-4F41-A80F-2B3108B87DD3}.Debug|Any CPU.ActiveCfg = Debug|Any CPU
		{41FCB102-5633-4F41-A80F-2B3108B87DD3}.Debug|Any CPU.Build.0 = Debug|Any CPU
		{41FCB102-5633-4F41-A80F-2B3108B87DD3}.Release|Any CPU.ActiveCfg = Release|Any CPU
		{41FCB102-5633-4F41-A80F-2B3108B87DD3}.Release|Any CPU.Build.0 = Release|Any CPU
	EndGlobalSection
	GlobalSection(SolutionProperties) = preSolution
		HideSolutionNode = FALSE
	EndGlobalSection
	GlobalSection(ExtensibilityGlobals) = postSolution
		SolutionGuid = {E7B25E5C-6199-4152-8961-50A7CE771EB4}
	EndGlobalSection
EndGlobal
